// !$*UTF8*$!
{
	archiveVersion = 1;
	classes = {
	};
	objectVersion = 50;
	objects = {

/* Begin PBXBuildFile section */
		C77AB63A22730B85001B803B /* AppDelegate.m in Sources */ = {isa = PBXBuildFile; fileRef = C77AB63922730B85001B803B /* AppDelegate.m */; };
		C77AB64022730B85001B803B /* Main.storyboard in Resources */ = {isa = PBXBuildFile; fileRef = C77AB63E22730B85001B803B /* Main.storyboard */; };
		C77AB64222730B87001B803B /* Assets.xcassets in Resources */ = {isa = PBXBuildFile; fileRef = C77AB64122730B87001B803B /* Assets.xcassets */; };
		C77AB64522730B87001B803B /* LaunchScreen.storyboard in Resources */ = {isa = PBXBuildFile; fileRef = C77AB64322730B87001B803B /* LaunchScreen.storyboard */; };
		C77AB64822730B87001B803B /* main.m in Sources */ = {isa = PBXBuildFile; fileRef = C77AB64722730B87001B803B /* main.m */; };
		C77AB65222730B87001B803B /* KVO_DemoTests.m in Sources */ = {isa = PBXBuildFile; fileRef = C77AB65122730B87001B803B /* KVO_DemoTests.m */; };
		C77AB65D22730B87001B803B /* KVO_DemoUITests.m in Sources */ = {isa = PBXBuildFile; fileRef = C77AB65C22730B87001B803B /* KVO_DemoUITests.m */; };
		C77AB66C22730E4D001B803B /* ZLPerson.m in Sources */ = {isa = PBXBuildFile; fileRef = C77AB66B22730E4D001B803B /* ZLPerson.m */; };
		C780DB6522755C9300D1486F /* Test1ViewController.m in Sources */ = {isa = PBXBuildFile; fileRef = C780DB6422755C9300D1486F /* Test1ViewController.m */; };
		C780DB6822755CA100D1486F /* Test2ViewController.m in Sources */ = {isa = PBXBuildFile; fileRef = C780DB6722755CA100D1486F /* Test2ViewController.m */; };
		C780DB6B22755CB000D1486F /* Test3ViewController.m in Sources */ = {isa = PBXBuildFile; fileRef = C780DB6A22755CB000D1486F /* Test3ViewController.m */; };
		C780DB6E227587B800D1486F /* RootViewController.m in Sources */ = {isa = PBXBuildFile; fileRef = C780DB6D227587B800D1486F /* RootViewController.m */; };
		C780DB7122758C9800D1486F /* Test4ViewController.m in Sources */ = {isa = PBXBuildFile; fileRef = C780DB7022758C9800D1486F /* Test4ViewController.m */; };
		C780DB7422758DF000D1486F /* Test5ViewController.m in Sources */ = {isa = PBXBuildFile; fileRef = C780DB7322758DF000D1486F /* Test5ViewController.m */; };
		C780DB772275907600D1486F /* ZLPerson2.m in Sources */ = {isa = PBXBuildFile; fileRef = C780DB762275907600D1486F /* ZLPerson2.m */; };
/* End PBXBuildFile section */

/* Begin PBXContainerItemProxy section */
		C77AB64E22730B87001B803B /* PBXContainerItemProxy */ = {
			isa = PBXContainerItemProxy;
			containerPortal = C77AB62D22730B85001B803B /* Project object */;
			proxyType = 1;
			remoteGlobalIDString = C77AB63422730B85001B803B;
			remoteInfo = "KVO-Demo";
		};
		C77AB65922730B87001B803B /* PBXContainerItemProxy */ = {
			isa = PBXContainerItemProxy;
			containerPortal = C77AB62D22730B85001B803B /* Project object */;
			proxyType = 1;
			remoteGlobalIDString = C77AB63422730B85001B803B;
			remoteInfo = "KVO-Demo";
		};
/* End PBXContainerItemProxy section */

/* Begin PBXFileReference section */
		C77AB63522730B85001B803B /* KVO-Demo.app */ = {isa = PBXFileReference; explicitFileType = wrapper.application; includeInIndex = 0; path = "KVO-Demo.app"; sourceTree = BUILT_PRODUCTS_DIR; };
		C77AB63822730B85001B803B /* AppDelegate.h */ = {isa = PBXFileReference; lastKnownFileType = sourcecode.c.h; path = AppDelegate.h; sourceTree = "<group>"; };
		C77AB63922730B85001B803B /* AppDelegate.m */ = {isa = PBXFileReference; lastKnownFileType = sourcecode.c.objc; path = AppDelegate.m; sourceTree = "<group>"; };
		C77AB63F22730B85001B803B /* Base */ = {isa = PBXFileReference; lastKnownFileType = file.storyboard; name = Base; path = Base.lproj/Main.storyboard; sourceTree = "<group>"; };
		C77AB64122730B87001B803B /* Assets.xcassets */ = {isa = PBXFileReference; lastKnownFileType = folder.assetcatalog; path = Assets.xcassets; sourceTree = "<group>"; };
		C77AB64422730B87001B803B /* Base */ = {isa = PBXFileReference; lastKnownFileType = file.storyboard; name = Base; path = Base.lproj/LaunchScreen.storyboard; sourceTree = "<group>"; };
		C77AB64622730B87001B803B /* Info.plist */ = {isa = PBXFileReference; lastKnownFileType = text.plist.xml; path = Info.plist; sourceTree = "<group>"; };
		C77AB64722730B87001B803B /* main.m */ = {isa = PBXFileReference; lastKnownFileType = sourcecode.c.objc; path = main.m; sourceTree = "<group>"; };
		C77AB64D22730B87001B803B /* KVO-DemoTests.xctest */ = {isa = PBXFileReference; explicitFileType = wrapper.cfbundle; includeInIndex = 0; path = "KVO-DemoTests.xctest"; sourceTree = BUILT_PRODUCTS_DIR; };
		C77AB65122730B87001B803B /* KVO_DemoTests.m */ = {isa = PBXFileReference; lastKnownFileType = sourcecode.c.objc; path = KVO_DemoTests.m; sourceTree = "<group>"; };
		C77AB65322730B87001B803B /* Info.plist */ = {isa = PBXFileReference; lastKnownFileType = text.plist.xml; path = Info.plist; sourceTree = "<group>"; };
		C77AB65822730B87001B803B /* KVO-DemoUITests.xctest */ = {isa = PBXFileReference; explicitFileType = wrapper.cfbundle; includeInIndex = 0; path = "KVO-DemoUITests.xctest"; sourceTree = BUILT_PRODUCTS_DIR; };
		C77AB65C22730B87001B803B /* KVO_DemoUITests.m */ = {isa = PBXFileReference; lastKnownFileType = sourcecode.c.objc; path = KVO_DemoUITests.m; sourceTree = "<group>"; };
		C77AB65E22730B87001B803B /* Info.plist */ = {isa = PBXFileReference; lastKnownFileType = text.plist.xml; path = Info.plist; sourceTree = "<group>"; };
		C77AB66A22730E4D001B803B /* ZLPerson.h */ = {isa = PBXFileReference; lastKnownFileType = sourcecode.c.h; path = ZLPerson.h; sourceTree = "<group>"; };
		C77AB66B22730E4D001B803B /* ZLPerson.m */ = {isa = PBXFileReference; lastKnownFileType = sourcecode.c.objc; path = ZLPerson.m; sourceTree = "<group>"; };
		C77AB66D227547CB001B803B /* NSKVONotifying_ZLPerson.h */ = {isa = PBXFileReference; lastKnownFileType = sourcecode.c.h; path = NSKVONotifying_ZLPerson.h; sourceTree = "<group>"; };
		C77AB66E227547CB001B803B /* NSKVONotifying_ZLPerson.m */ = {isa = PBXFileReference; lastKnownFileType = sourcecode.c.objc; path = NSKVONotifying_ZLPerson.m; sourceTree = "<group>"; };
		C780DB6322755C9300D1486F /* Test1ViewController.h */ = {isa = PBXFileReference; lastKnownFileType = sourcecode.c.h; path = Test1ViewController.h; sourceTree = "<group>"; };
		C780DB6422755C9300D1486F /* Test1ViewController.m */ = {isa = PBXFileReference; lastKnownFileType = sourcecode.c.objc; path = Test1ViewController.m; sourceTree = "<group>"; };
		C780DB6622755CA100D1486F /* Test2ViewController.h */ = {isa = PBXFileReference; lastKnownFileType = sourcecode.c.h; path = Test2ViewController.h; sourceTree = "<group>"; };
		C780DB6722755CA100D1486F /* Test2ViewController.m */ = {isa = PBXFileReference; lastKnownFileType = sourcecode.c.objc; path = Test2ViewController.m; sourceTree = "<group>"; };
		C780DB6922755CB000D1486F /* Test3ViewController.h */ = {isa = PBXFileReference; lastKnownFileType = sourcecode.c.h; path = Test3ViewController.h; sourceTree = "<group>"; };
		C780DB6A22755CB000D1486F /* Test3ViewController.m */ = {isa = PBXFileReference; lastKnownFileType = sourcecode.c.objc; path = Test3ViewController.m; sourceTree = "<group>"; };
		C780DB6C227587B800D1486F /* RootViewController.h */ = {isa = PBXFileReference; lastKnownFileType = sourcecode.c.h; path = RootViewController.h; sourceTree = "<group>"; };
		C780DB6D227587B800D1486F /* RootViewController.m */ = {isa = PBXFileReference; lastKnownFileType = sourcecode.c.objc; path = RootViewController.m; sourceTree = "<group>"; };
		C780DB6F22758C9800D1486F /* Test4ViewController.h */ = {isa = PBXFileReference; lastKnownFileType = sourcecode.c.h; path = Test4ViewController.h; sourceTree = "<group>"; };
		C780DB7022758C9800D1486F /* Test4ViewController.m */ = {isa = PBXFileReference; lastKnownFileType = sourcecode.c.objc; path = Test4ViewController.m; sourceTree = "<group>"; };
		C780DB7222758DF000D1486F /* Test5ViewController.h */ = {isa = PBXFileReference; lastKnownFileType = sourcecode.c.h; path = Test5ViewController.h; sourceTree = "<group>"; };
		C780DB7322758DF000D1486F /* Test5ViewController.m */ = {isa = PBXFileReference; lastKnownFileType = sourcecode.c.objc; path = Test5ViewController.m; sourceTree = "<group>"; };
		C780DB752275907600D1486F /* ZLPerson2.h */ = {isa = PBXFileReference; lastKnownFileType = sourcecode.c.h; path = ZLPerson2.h; sourceTree = "<group>"; };
		C780DB762275907600D1486F /* ZLPerson2.m */ = {isa = PBXFileReference; lastKnownFileType = sourcecode.c.objc; path = ZLPerson2.m; sourceTree = "<group>"; };
/* End PBXFileReference section */

/* Begin PBXFrameworksBuildPhase section */
		C77AB63222730B85001B803B /* Frameworks */ = {
			isa = PBXFrameworksBuildPhase;
			buildActionMask = 2147483647;
			files = (
			);
			runOnlyForDeploymentPostprocessing = 0;
		};
		C77AB64A22730B87001B803B /* Frameworks */ = {
			isa = PBXFrameworksBuildPhase;
			buildActionMask = 2147483647;
			files = (
			);
			runOnlyForDeploymentPostprocessing = 0;
		};
		C77AB65522730B87001B803B /* Frameworks */ = {
			isa = PBXFrameworksBuildPhase;
			buildActionMask = 2147483647;
			files = (
			);
			runOnlyForDeploymentPostprocessing = 0;
		};
/* End PBXFrameworksBuildPhase section */

/* Begin PBXGroup section */
		C77AB62C22730B85001B803B = {
			isa = PBXGroup;
			children = (
				C77AB63722730B85001B803B /* KVO-Demo */,
				C77AB65022730B87001B803B /* KVO-DemoTests */,
				C77AB65B22730B87001B803B /* KVO-DemoUITests */,
				C77AB63622730B85001B803B /* Products */,
			);
			sourceTree = "<group>";
		};
		C77AB63622730B85001B803B /* Products */ = {
			isa = PBXGroup;
			children = (
				C77AB63522730B85001B803B /* KVO-Demo.app */,
				C77AB64D22730B87001B803B /* KVO-DemoTests.xctest */,
				C77AB65822730B87001B803B /* KVO-DemoUITests.xctest */,
			);
			name = Products;
			sourceTree = "<group>";
		};
		C77AB63722730B85001B803B /* KVO-Demo */ = {
			isa = PBXGroup;
			children = (
				C77AB63822730B85001B803B /* AppDelegate.h */,
				C77AB63922730B85001B803B /* AppDelegate.m */,
				C780DB6C227587B800D1486F /* RootViewController.h */,
				C780DB6D227587B800D1486F /* RootViewController.m */,
				C780DB6322755C9300D1486F /* Test1ViewController.h */,
				C780DB6422755C9300D1486F /* Test1ViewController.m */,
				C780DB6622755CA100D1486F /* Test2ViewController.h */,
				C780DB6722755CA100D1486F /* Test2ViewController.m */,
				C780DB6922755CB000D1486F /* Test3ViewController.h */,
				C780DB6A22755CB000D1486F /* Test3ViewController.m */,
				C780DB6F22758C9800D1486F /* Test4ViewController.h */,
				C780DB7022758C9800D1486F /* Test4ViewController.m */,
				C780DB7222758DF000D1486F /* Test5ViewController.h */,
				C780DB7322758DF000D1486F /* Test5ViewController.m */,
				C77AB66A22730E4D001B803B /* ZLPerson.h */,
				C77AB66B22730E4D001B803B /* ZLPerson.m */,
				C780DB752275907600D1486F /* ZLPerson2.h */,
				C780DB762275907600D1486F /* ZLPerson2.m */,
				C77AB66D227547CB001B803B /* NSKVONotifying_ZLPerson.h */,
				C77AB66E227547CB001B803B /* NSKVONotifying_ZLPerson.m */,
				C77AB63E22730B85001B803B /* Main.storyboard */,
				C77AB64122730B87001B803B /* Assets.xcassets */,
				C77AB64322730B87001B803B /* LaunchScreen.storyboard */,
				C77AB64622730B87001B803B /* Info.plist */,
				C77AB64722730B87001B803B /* main.m */,
			);
			path = "KVO-Demo";
			sourceTree = "<group>";
		};
		C77AB65022730B87001B803B /* KVO-DemoTests */ = {
			isa = PBXGroup;
			children = (
				C77AB65122730B87001B803B /* KVO_DemoTests.m */,
				C77AB65322730B87001B803B /* Info.plist */,
			);
			path = "KVO-DemoTests";
			sourceTree = "<group>";
		};
		C77AB65B22730B87001B803B /* KVO-DemoUITests */ = {
			isa = PBXGroup;
			children = (
				C77AB65C22730B87001B803B /* KVO_DemoUITests.m */,
				C77AB65E22730B87001B803B /* Info.plist */,
			);
			path = "KVO-DemoUITests";
			sourceTree = "<group>";
		};
/* End PBXGroup section */

/* Begin PBXNativeTarget section */
		C77AB63422730B85001B803B /* KVO-Demo */ = {
			isa = PBXNativeTarget;
			buildConfigurationList = C77AB66122730B87001B803B /* Build configuration list for PBXNativeTarget "KVO-Demo" */;
			buildPhases = (
				C77AB63122730B85001B803B /* Sources */,
				C77AB63222730B85001B803B /* Frameworks */,
				C77AB63322730B85001B803B /* Resources */,
			);
			buildRules = (
			);
			dependencies = (
			);
			name = "KVO-Demo";
			productName = "KVO-Demo";
			productReference = C77AB63522730B85001B803B /* KVO-Demo.app */;
			productType = "com.apple.product-type.application";
		};
		C77AB64C22730B87001B803B /* KVO-DemoTests */ = {
			isa = PBXNativeTarget;
			buildConfigurationList = C77AB66422730B87001B803B /* Build configuration list for PBXNativeTarget "KVO-DemoTests" */;
			buildPhases = (
				C77AB64922730B87001B803B /* Sources */,
				C77AB64A22730B87001B803B /* Frameworks */,
				C77AB64B22730B87001B803B /* Resources */,
			);
			buildRules = (
			);
			dependencies = (
				C77AB64F22730B87001B803B /* PBXTargetDependency */,
			);
			name = "KVO-DemoTests";
			productName = "KVO-DemoTests";
			productReference = C77AB64D22730B87001B803B /* KVO-DemoTests.xctest */;
			productType = "com.apple.product-type.bundle.unit-test";
		};
		C77AB65722730B87001B803B /* KVO-DemoUITests */ = {
			isa = PBXNativeTarget;
			buildConfigurationList = C77AB66722730B87001B803B /* Build configuration list for PBXNativeTarget "KVO-DemoUITests" */;
			buildPhases = (
				C77AB65422730B87001B803B /* Sources */,
				C77AB65522730B87001B803B /* Frameworks */,
				C77AB65622730B87001B803B /* Resources */,
			);
			buildRules = (
			);
			dependencies = (
				C77AB65A22730B87001B803B /* PBXTargetDependency */,
			);
			name = "KVO-DemoUITests";
			productName = "KVO-DemoUITests";
			productReference = C77AB65822730B87001B803B /* KVO-DemoUITests.xctest */;
			productType = "com.apple.product-type.bundle.ui-testing";
		};
/* End PBXNativeTarget section */

/* Begin PBXProject section */
		C77AB62D22730B85001B803B /* Project object */ = {
			isa = PBXProject;
			attributes = {
				LastUpgradeCheck = 1010;
				ORGANIZATIONNAME = "王泽龙";
				TargetAttributes = {
					C77AB63422730B85001B803B = {
						CreatedOnToolsVersion = 10.1;
					};
					C77AB64C22730B87001B803B = {
						CreatedOnToolsVersion = 10.1;
						TestTargetID = C77AB63422730B85001B803B;
					};
					C77AB65722730B87001B803B = {
						CreatedOnToolsVersion = 10.1;
						TestTargetID = C77AB63422730B85001B803B;
					};
				};
			};
			buildConfigurationList = C77AB63022730B85001B803B /* Build configuration list for PBXProject "KVO-Demo" */;
			compatibilityVersion = "Xcode 9.3";
			developmentRegion = en;
			hasScannedForEncodings = 0;
			knownRegions = (
				en,
				Base,
			);
			mainGroup = C77AB62C22730B85001B803B;
			productRefGroup = C77AB63622730B85001B803B /* Products */;
			projectDirPath = "";
			projectRoot = "";
			targets = (
				C77AB63422730B85001B803B /* KVO-Demo */,
				C77AB64C22730B87001B803B /* KVO-DemoTests */,
				C77AB65722730B87001B803B /* KVO-DemoUITests */,
			);
		};
/* End PBXProject section */

/* Begin PBXResourcesBuildPhase section */
		C77AB63322730B85001B803B /* Resources */ = {
			isa = PBXResourcesBuildPhase;
			buildActionMask = 2147483647;
			files = (
				C77AB64522730B87001B803B /* LaunchScreen.storyboard in Resources */,
				C77AB64222730B87001B803B /* Assets.xcassets in Resources */,
				C77AB64022730B85001B803B /* Main.storyboard in Resources */,
			);
			runOnlyForDeploymentPostprocessing = 0;
		};
		C77AB64B22730B87001B803B /* Resources */ = {
			isa = PBXResourcesBuildPhase;
			buildActionMask = 2147483647;
			files = (
			);
			runOnlyForDeploymentPostprocessing = 0;
		};
		C77AB65622730B87001B803B /* Resources */ = {
			isa = PBXResourcesBuildPhase;
			buildActionMask = 2147483647;
			files = (
			);
			runOnlyForDeploymentPostprocessing = 0;
		};
/* End PBXResourcesBuildPhase section */

/* Begin PBXSourcesBuildPhase section */
		C77AB63122730B85001B803B /* Sources */ = {
			isa = PBXSourcesBuildPhase;
			buildActionMask = 2147483647;
			files = (
				C780DB6522755C9300D1486F /* Test1ViewController.m in Sources */,
				C780DB6E227587B800D1486F /* RootViewController.m in Sources */,
				C780DB6B22755CB000D1486F /* Test3ViewController.m in Sources */,
				C780DB7122758C9800D1486F /* Test4ViewController.m in Sources */,
				C77AB64822730B87001B803B /* main.m in Sources */,
				C780DB772275907600D1486F /* ZLPerson2.m in Sources */,
				C780DB6822755CA100D1486F /* Test2ViewController.m in Sources */,
				C77AB66C22730E4D001B803B /* ZLPerson.m in Sources */,
				C780DB7422758DF000D1486F /* Test5ViewController.m in Sources */,
				C77AB63A22730B85001B803B /* AppDelegate.m in Sources */,
			);
			runOnlyForDeploymentPostprocessing = 0;
		};
		C77AB64922730B87001B803B /* Sources */ = {
			isa = PBXSourcesBuildPhase;
			buildActionMask = 2147483647;
			files = (
				C77AB65222730B87001B803B /* KVO_DemoTests.m in Sources */,
			);
			runOnlyForDeploymentPostprocessing = 0;
		};
		C77AB65422730B87001B803B /* Sources */ = {
			isa = PBXSourcesBuildPhase;
			buildActionMask = 2147483647;
			files = (
				C77AB65D22730B87001B803B /* KVO_DemoUITests.m in Sources */,
			);
			runOnlyForDeploymentPostprocessing = 0;
		};
/* End PBXSourcesBuildPhase section */

/* Begin PBXTargetDependency section */
		C77AB64F22730B87001B803B /* PBXTargetDependency */ = {
			isa = PBXTargetDependency;
			target = C77AB63422730B85001B803B /* KVO-Demo */;
			targetProxy = C77AB64E22730B87001B803B /* PBXContainerItemProxy */;
		};
		C77AB65A22730B87001B803B /* PBXTargetDependency */ = {
			isa = PBXTargetDependency;
			target = C77AB63422730B85001B803B /* KVO-Demo */;
			targetProxy = C77AB65922730B87001B803B /* PBXContainerItemProxy */;
		};
/* End PBXTargetDependency section */

/* Begin PBXVariantGroup section */
		C77AB63E22730B85001B803B /* Main.storyboard */ = {
			isa = PBXVariantGroup;
			children = (
				C77AB63F22730B85001B803B /* Base */,
			);
			name = Main.storyboard;
			sourceTree = "<group>";
		};
		C77AB64322730B87001B803B /* LaunchScreen.storyboard */ = {
			isa = PBXVariantGroup;
			children = (
				C77AB64422730B87001B803B /* Base */,
			);
			name = LaunchScreen.storyboard;
			sourceTree = "<group>";
		};
/* End PBXVariantGroup section */

/* Begin XCBuildConfiguration section */
		C77AB65F22730B87001B803B /* Debug */ = {
			isa = XCBuildConfiguration;
			buildSettings = {
				ALWAYS_SEARCH_USER_PATHS = NO;
				CLANG_ANALYZER_NONNULL = YES;
				CLANG_ANALYZER_NUMBER_OBJECT_CONVERSION = YES_AGGRESSIVE;
				CLANG_CXX_LANGUAGE_STANDARD = "gnu++14";
				CLANG_CXX_LIBRARY = "libc++";
				CLANG_ENABLE_MODULES = YES;
				CLANG_ENABLE_OBJC_ARC = YES;
				CLANG_ENABLE_OBJC_WEAK = YES;
				CLANG_WARN_BLOCK_CAPTURE_AUTORELEASING = YES;
				CLANG_WARN_BOOL_CONVERSION = YES;
				CLANG_WARN_COMMA = YES;
				CLANG_WARN_CONSTANT_CONVERSION = YES;
				CLANG_WARN_DEPRECATED_OBJC_IMPLEMENTATIONS = YES;
				CLANG_WARN_DIRECT_OBJC_ISA_USAGE = YES_ERROR;
				CLANG_WARN_DOCUMENTATION_COMMENTS = YES;
				CLANG_WARN_EMPTY_BODY = YES;
				CLANG_WARN_ENUM_CONVERSION = YES;
				CLANG_WARN_INFINITE_RECURSION = YES;
				CLANG_WARN_INT_CONVERSION = YES;
				CLANG_WARN_NON_LITERAL_NULL_CONVERSION = YES;
				CLANG_WARN_OBJC_IMPLICIT_RETAIN_SELF = YES;
				CLANG_WARN_OBJC_LITERAL_CONVERSION = YES;
				CLANG_WARN_OBJC_ROOT_CLASS = YES_ERROR;
				CLANG_WARN_RANGE_LOOP_ANALYSIS = YES;
				CLANG_WARN_STRICT_PROTOTYPES = YES;
				CLANG_WARN_SUSPICIOUS_MOVE = YES;
				CLANG_WARN_UNGUARDED_AVAILABILITY = YES_AGGRESSIVE;
				CLANG_WARN_UNREACHABLE_CODE = YES;
				CLANG_WARN__DUPLICATE_METHOD_MATCH = YES;
				CODE_SIGN_IDENTITY = "iPhone Developer";
				COPY_PHASE_STRIP = NO;
				DEBUG_INFORMATION_FORMAT = dwarf;
				ENABLE_STRICT_OBJC_MSGSEND = YES;
				ENABLE_TESTABILITY = YES;
				GCC_C_LANGUAGE_STANDARD = gnu11;
				GCC_DYNAMIC_NO_PIC = NO;
				GCC_NO_COMMON_BLOCKS = YES;
				GCC_OPTIMIZATION_LEVEL = 0;
				GCC_PREPROCESSOR_DEFINITIONS = (
					"DEBUG=1",
					"$(inherited)",
				);
				GCC_WARN_64_TO_32_BIT_CONVERSION = YES;
				GCC_WARN_ABOUT_RETURN_TYPE = YES_ERROR;
				GCC_WARN_UNDECLARED_SELECTOR = YES;
				GCC_WARN_UNINITIALIZED_AUTOS = YES_AGGRESSIVE;
				GCC_WARN_UNUSED_FUNCTION = YES;
				GCC_WARN_UNUSED_VARIABLE = YES;
				IPHONEOS_DEPLOYMENT_TARGET = 12.1;
				MTL_ENABLE_DEBUG_INFO = INCLUDE_SOURCE;
				MTL_FAST_MATH = YES;
				ONLY_ACTIVE_ARCH = YES;
				SDKROOT = iphoneos;
			};
			name = Debug;
		};
		C77AB66022730B87001B803B /* Release */ = {
			isa = XCBuildConfiguration;
			buildSettings = {
				ALWAYS_SEARCH_USER_PATHS = NO;
				CLANG_ANALYZER_NONNULL = YES;
				CLANG_ANALYZER_NUMBER_OBJECT_CONVERSION = YES_AGGRESSIVE;
				CLANG_CXX_LANGUAGE_STANDARD = "gnu++14";
				CLANG_CXX_LIBRARY = "libc++";
				CLANG_ENABLE_MODULES = YES;
				CLANG_ENABLE_OBJC_ARC = YES;
				CLANG_ENABLE_OBJC_WEAK = YES;
				CLANG_WARN_BLOCK_CAPTURE_AUTORELEASING = YES;
				CLANG_WARN_BOOL_CONVERSION = YES;
				CLANG_WARN_COMMA = YES;
				CLANG_WARN_CONSTANT_CONVERSION = YES;
				CLANG_WARN_DEPRECATED_OBJC_IMPLEMENTATIONS = YES;
				CLANG_WARN_DIRECT_OBJC_ISA_USAGE = YES_ERROR;
				CLANG_WARN_DOCUMENTATION_COMMENTS = YES;
				CLANG_WARN_EMPTY_BODY = YES;
				CLANG_WARN_ENUM_CONVERSION = YES;
				CLANG_WARN_INFINITE_RECURSION = YES;
				CLANG_WARN_INT_CONVERSION = YES;
				CLANG_WARN_NON_LITERAL_NULL_CONVERSION = YES;
				CLANG_WARN_OBJC_IMPLICIT_RETAIN_SELF = YES;
				CLANG_WARN_OBJC_LITERAL_CONVERSION = YES;
				CLANG_WARN_OBJC_ROOT_CLASS = YES_ERROR;
				CLANG_WARN_RANGE_LOOP_ANALYSIS = YES;
				CLANG_WARN_STRICT_PROTOTYPES = YES;
				CLANG_WARN_SUSPICIOUS_MOVE = YES;
				CLANG_WARN_UNGUARDED_AVAILABILITY = YES_AGGRESSIVE;
				CLANG_WARN_UNREACHABLE_CODE = YES;
				CLANG_WARN__DUPLICATE_METHOD_MATCH = YES;
				CODE_SIGN_IDENTITY = "iPhone Developer";
				COPY_PHASE_STRIP = NO;
				DEBUG_INFORMATION_FORMAT = "dwarf-with-dsym";
				ENABLE_NS_ASSERTIONS = NO;
				ENABLE_STRICT_OBJC_MSGSEND = YES;
				GCC_C_LANGUAGE_STANDARD = gnu11;
				GCC_NO_COMMON_BLOCKS = YES;
				GCC_WARN_64_TO_32_BIT_CONVERSION = YES;
				GCC_WARN_ABOUT_RETURN_TYPE = YES_ERROR;
				GCC_WARN_UNDECLARED_SELECTOR = YES;
				GCC_WARN_UNINITIALIZED_AUTOS = YES_AGGRESSIVE;
				GCC_WARN_UNUSED_FUNCTION = YES;
				GCC_WARN_UNUSED_VARIABLE = YES;
				IPHONEOS_DEPLOYMENT_TARGET = 12.1;
				MTL_ENABLE_DEBUG_INFO = NO;
				MTL_FAST_MATH = YES;
				SDKROOT = iphoneos;
				VALIDATE_PRODUCT = YES;
			};
			name = Release;
		};
		C77AB66222730B87001B803B /* Debug */ = {
			isa = XCBuildConfiguration;
			buildSettings = {
				ASSETCATALOG_COMPILER_APPICON_NAME = AppIcon;
				CODE_SIGN_STYLE = Automatic;
				INFOPLIST_FILE = "KVO-Demo/Info.plist";
				LD_RUNPATH_SEARCH_PATHS = (
					"$(inherited)",
					"@executable_path/Frameworks",
				);
				PRODUCT_BUNDLE_IDENTIFIER = "xiaoyaoknight.KVO-Demo";
				PRODUCT_NAME = "$(TARGET_NAME)";
				TARGETED_DEVICE_FAMILY = "1,2";
			};
			name = Debug;
		};
		C77AB66322730B87001B803B /* Release */ = {
			isa = XCBuildConfiguration;
			buildSettings = {
				ASSETCATALOG_COMPILER_APPICON_NAME = AppIcon;
				CODE_SIGN_STYLE = Automatic;
				INFOPLIST_FILE = "KVO-Demo/Info.plist";
				LD_RUNPATH_SEARCH_PATHS = (
					"$(inherited)",
					"@executable_path/Frameworks",
				);
				PRODUCT_BUNDLE_IDENTIFIER = "xiaoyaoknight.KVO-Demo";
				PRODUCT_NAME = "$(TARGET_NAME)";
				TARGETED_DEVICE_FAMILY = "1,2";
			};
			name = Release;
		};
		C77AB66522730B87001B803B /* Debug */ = {
			isa = XCBuildConfiguration;
			buildSettings = {
				BUNDLE_LOADER = "$(TEST_HOST)";
				CODE_SIGN_STYLE = Automatic;
				INFOPLIST_FILE = "KVO-DemoTests/Info.plist";
				LD_RUNPATH_SEARCH_PATHS = (
					"$(inherited)",
					"@executable_path/Frameworks",
					"@loader_path/Frameworks",
				);
				PRODUCT_BUNDLE_IDENTIFIER = "xiaoyaoknight.KVO-DemoTests";
				PRODUCT_NAME = "$(TARGET_NAME)";
				TARGETED_DEVICE_FAMILY = "1,2";
				TEST_HOST = "$(BUILT_PRODUCTS_DIR)/KVO-Demo.app/KVO-Demo";
			};
			name = Debug;
		};
		C77AB66622730B87001B803B /* Release */ = {
			isa = XCBuildConfiguration;
			buildSettings = {
				BUNDLE_LOADER = "$(TEST_HOST)";
				CODE_SIGN_STYLE = Automatic;
				INFOPLIST_FILE = "KVO-DemoTests/Info.plist";
				LD_RUNPATH_SEARCH_PATHS = (
					"$(inherited)",
					"@executable_path/Frameworks",
					"@loader_path/Frameworks",
				);
				PRODUCT_BUNDLE_IDENTIFIER = "xiaoyaoknight.KVO-DemoTests";
				PRODUCT_NAME = "$(TARGET_NAME)";
				TARGETED_DEVICE_FAMILY = "1,2";
				TEST_HOST = "$(BUILT_PRODUCTS_DIR)/KVO-Demo.app/KVO-Demo";
			};
			name = Release;
		};
		C77AB66822730B87001B803B /* Debug */ = {
			isa = XCBuildConfiguration;
			buildSettings = {
				CODE_SIGN_STYLE = Automatic;
				INFOPLIST_FILE = "KVO-DemoUITests/Info.plist";
				LD_RUNPATH_SEARCH_PATHS = (
					"$(inherited)",
					"@executable_path/Frameworks",
					"@loader_path/Frameworks",
				);
				PRODUCT_BUNDLE_IDENTIFIER = "xiaoyaoknight.KVO-DemoUITests";
				PRODUCT_NAME = "$(TARGET_NAME)";
				TARGETED_DEVICE_FAMILY = "1,2";
				TEST_TARGET_NAME = "KVO-Demo";
			};
			name = Debug;
		};
		C77AB66922730B87001B803B /* Release */ = {
			isa = XCBuildConfiguration;
			buildSettings = {
				CODE_SIGN_STYLE = Automatic;
				INFOPLIST_FILE = "KVO-DemoUITests/Info.plist";
				LD_RUNPATH_SEARCH_PATHS = (
					"$(inherited)",
					"@executable_path/Frameworks",
					"@loader_path/Frameworks",
				);
				PRODUCT_BUNDLE_IDENTIFIER = "xiaoyaoknight.KVO-DemoUITests";
				PRODUCT_NAME = "$(TARGET_NAME)";
				TARGETED_DEVICE_FAMILY = "1,2";
				TEST_TARGET_NAME = "KVO-Demo";
			};
			name = Release;
		};
/* End XCBuildConfiguration section */

/* Begin XCConfigurationList section */
		C77AB63022730B85001B803B /* Build configuration list for PBXProject "KVO-Demo" */ = {
			isa = XCConfigurationList;
			buildConfigurations = (
				C77AB65F22730B87001B803B /* Debug */,
				C77AB66022730B87001B803B /* Release */,
			);
			defaultConfigurationIsVisible = 0;
			defaultConfigurationName = Release;
		};
		C77AB66122730B87001B803B /* Build configuration list for PBXNativeTarget "KVO-Demo" */ = {
			isa = XCConfigurationList;
			buildConfigurations = (
				C77AB66222730B87001B803B /* Debug */,
				C77AB66322730B87001B803B /* Release */,
			);
			defaultConfigurationIsVisible = 0;
			defaultConfigurationName = Release;
		};
		C77AB66422730B87001B803B /* Build configuration list for PBXNativeTarget "KVO-DemoTests" */ = {
			isa = XCConfigurationList;
			buildConfigurations = (
				C77AB66522730B87001B803B /* Debug */,
				C77AB66622730B87001B803B /* Release */,
			);
			defaultConfigurationIsVisible = 0;
			defaultConfigurationName = Release;
		};
		C77AB66722730B87001B803B /* Build configuration list for PBXNativeTarget "KVO-DemoUITests" */ = {
			isa = XCConfigurationList;
			buildConfigurations = (
				C77AB66822730B87001B803B /* Debug */,
				C77AB66922730B87001B803B /* Release */,
			);
			defaultConfigurationIsVisible = 0;
			defaultConfigurationName = Release;
		};
/* End XCConfigurationList section */
	};
	rootObject = C77AB62D22730B85001B803B /* Project object */;
}
